// !$*UTF8*$!
{
	archiveVersion = 1;
	classes = {
	};
	objectVersion = 77;
	objects = {

/* Begin PBXBuildFile section */
		1D590E562F61206100E430E0 /* BLEDiscoveredDevice.swift in Sources */ = {isa = PBXBuildFile; fileRef = 1D590E4B2F61206100E430E0 /* BLEDiscoveredDevice.swift */; };
		1D590E572F61206100E430E0 /* BLEKeyboardManager.swift in Sources */ = {isa = PBXBuildFile; fileRef = 1D590E4C2F61206100E430E0 /* BLEKeyboardManager.swift */; };
		1D590E582F61206100E430E0 /* CommandButtonsSection.swift in Sources */ = {isa = PBXBuildFile; fileRef = 1D590E4D2F61206100E430E0 /* CommandButtonsSection.swift */; };
		1D590E592F61206100E430E0 /* ConnectionStatusSection.swift in Sources */ = {isa = PBXBuildFile; fileRef = 1D590E4E2F61206100E430E0 /* ConnectionStatusSection.swift */; };
		1D590E5A2F61206100E430E0 /* ContentView.swift in Sources */ = {isa = PBXBuildFile; fileRef = 1D590E4F2F61206100E430E0 /* ContentView.swift */; };
		1D590E5C2F61206100E430E0 /* ESP32BLEApp.swift in Sources */ = {isa = PBXBuildFile; fileRef = 1D590E512F61206100E430E0 /* ESP32BLEApp.swift */; };
		1D590E5D2F61206100E430E0 /* PhraseButtonsSection.swift in Sources */ = {isa = PBXBuildFile; fileRef = 1D590E522F61206100E430E0 /* PhraseButtonsSection.swift */; };
		1D590E5E2F61206100E430E0 /* TestArea.swift in Sources */ = {isa = PBXBuildFile; fileRef = 1D590E542F61206100E430E0 /* TestArea.swift */; };
		1D590E5F2F61206100E430E0 /* Assets.xcassets in Resources */ = {isa = PBXBuildFile; fileRef = 1D590E4A2F61206100E430E0 /* Assets.xcassets */; };
		1D590E642F61350E00E430E0 /* MainScreen.swift in Sources */ = {isa = PBXBuildFile; fileRef = 1D590E632F61350E00E430E0 /* MainScreen.swift */; };
		1D590E662F61350F00E430E0 /* SettingsScreen.swift in Sources */ = {isa = PBXBuildFile; fileRef = 1D590E652F61350F00E430E0 /* SettingsScreen.swift */; };
		1DDE39C92F7A51E6001A65E7 /* KeyboardScreen.swift in Sources */ = {isa = PBXBuildFile; fileRef = 1DDE39C82F7A51E6001A65E7 /* KeyboardScreen.swift */; };
/* End PBXBuildFile section */

/* Begin PBXFileReference section */
		1D33C2D12F6145DC0098FD5C /* Info.plist */ = {isa = PBXFileReference; lastKnownFileType = text.plist; path = Info.plist; sourceTree = "<group>"; };
		1D590E292F611FB700E430E0 /* ESP32BLE.app */ = {isa = PBXFileReference; explicitFileType = wrapper.application; includeInIndex = 0; path = ESP32BLE.app; sourceTree = BUILT_PRODUCTS_DIR; };
		1D590E4A2F61206100E430E0 /* Assets.xcassets */ = {isa = PBXFileReference; lastKnownFileType = folder.assetcatalog; path = Assets.xcassets; sourceTree = "<group>"; };
		1D590E4B2F61206100E430E0 /* BLEDiscoveredDevice.swift */ = {isa = PBXFileReference; lastKnownFileType = sourcecode.swift; path = BLEDiscoveredDevice.swift; sourceTree = "<group>"; };
		1D590E4C2F61206100E430E0 /* BLEKeyboardManager.swift */ = {isa = PBXFileReference; lastKnownFileType = sourcecode.swift; path = BLEKeyboardManager.swift; sourceTree = "<group>"; };
		1D590E4D2F61206100E430E0 /* CommandButtonsSection.swift */ = {isa = PBXFileReference; lastKnownFileType = sourcecode.swift; path = CommandButtonsSection.swift; sourceTree = "<group>"; };
		1D590E4E2F61206100E430E0 /* ConnectionStatusSection.swift */ = {isa = PBXFileReference; lastKnownFileType = sourcecode.swift; path = ConnectionStatusSection.swift; sourceTree = "<group>"; };
		1D590E4F2F61206100E430E0 /* ContentView.swift */ = {isa = PBXFileReference; lastKnownFileType = sourcecode.swift; path = ContentView.swift; sourceTree = "<group>"; };
		1D590E512F61206100E430E0 /* ESP32BLEApp.swift */ = {isa = PBXFileReference; lastKnownFileType = sourcecode.swift; path = ESP32BLEApp.swift; sourceTree = "<group>"; };
		1D590E522F61206100E430E0 /* PhraseButtonsSection.swift */ = {isa = PBXFileReference; lastKnownFileType = sourcecode.swift; path = PhraseButtonsSection.swift; sourceTree = "<group>"; };
		1D590E532F61206100E430E0 /* scratchpad.txt */ = {isa = PBXFileReference; lastKnownFileType = text; path = scratchpad.txt; sourceTree = "<group>"; };
		1D590E542F61206100E430E0 /* TestArea.swift */ = {isa = PBXFileReference; lastKnownFileType = sourcecode.swift; path = TestArea.swift; sourceTree = "<group>"; };
		1D590E632F61350E00E430E0 /* MainScreen.swift */ = {isa = PBXFileReference; lastKnownFileType = sourcecode.swift; path = MainScreen.swift; sourceTree = "<group>"; };
		1D590E652F61350F00E430E0 /* SettingsScreen.swift */ = {isa = PBXFileReference; lastKnownFileType = sourcecode.swift; path = SettingsScreen.swift; sourceTree = "<group>"; };
		1DDE39C82F7A51E6001A65E7 /* KeyboardScreen.swift */ = {isa = PBXFileReference; lastKnownFileType = sourcecode.swift; path = KeyboardScreen.swift; sourceTree = "<group>"; };
/* End PBXFileReference section */

/* Begin PBXFrameworksBuildPhase section */
		1D590E262F611FB700E430E0 /* Frameworks */ = {
			isa = PBXFrameworksBuildPhase;
			buildActionMask = 2147483647;
			files = (
			);
			runOnlyForDeploymentPostprocessing = 0;
		};
/* End PBXFrameworksBuildPhase section */

/* Begin PBXGroup section */
		1D1B29CB2F63ABE7004733D7 /* btns */ = {
			isa = PBXGroup;
			children = (
				1D590E4D2F61206100E430E0 /* CommandButtonsSection.swift */,
				1D590E522F61206100E430E0 /* PhraseButtonsSection.swift */,
			);
			path = btns;
			sourceTree = "<group>";
		};
		1D1B29CC2F63ABF8004733D7 /* BLE */ = {
			isa = PBXGroup;
			children = (
				1D590E4B2F61206100E430E0 /* BLEDiscoveredDevice.swift */,
				1D590E4C2F61206100E430E0 /* BLEKeyboardManager.swift */,
				1D590E4E2F61206100E430E0 /* ConnectionStatusSection.swift */,
			);
			path = BLE;
			sourceTree = "<group>";
		};
		1D1B29CD2F63AC3D004733D7 /* Scrns */ = {
			isa = PBXGroup;
			children = (
				1D590E4F2F61206100E430E0 /* ContentView.swift */,
				1D590E632F61350E00E430E0 /* MainScreen.swift */,
				1D590E652F61350F00E430E0 /* SettingsScreen.swift */,
				1D590E542F61206100E430E0 /* TestArea.swift */,
				1DDE39C82F7A51E6001A65E7 /* KeyboardScreen.swift */,
			);
			path = Scrns;
			sourceTree = "<group>";
		};
		1D590E202F611FB700E430E0 = {
			isa = PBXGroup;
			children = (
				1D590E552F61206100E430E0 /* ESP32BLE */,
				1D590E2A2F611FB700E430E0 /* Products */,
			);
			sourceTree = "<group>";
		};
		1D590E2A2F611FB700E430E0 /* Products */ = {
			isa = PBXGroup;
			children = (
				1D590E292F611FB700E430E0 /* ESP32BLE.app */,
			);
			name = Products;
			sourceTree = "<group>";
		};
		1D590E552F61206100E430E0 /* ESP32BLE */ = {
			isa = PBXGroup;
			children = (
				1D33C2D12F6145DC0098FD5C /* Info.plist */,
				1D590E4A2F61206100E430E0 /* Assets.xcassets */,
				1D590E512F61206100E430E0 /* ESP32BLEApp.swift */,
				1D590E532F61206100E430E0 /* scratchpad.txt */,
				1D1B29CD2F63AC3D004733D7 /* Scrns */,
				1D1B29CC2F63ABF8004733D7 /* BLE */,
				1D1B29CB2F63ABE7004733D7 /* btns */,
			);
			path = ESP32BLE;
			sourceTree = "<group>";
		};
/* End PBXGroup section */

/* Begin PBXNativeTarget section */
		1D590E282F611FB700E430E0 /* ESP32BLE */ = {
			isa = PBXNativeTarget;
			buildConfigurationList = 1D590E342F611FB900E430E0 /* Build configuration list for PBXNativeTarget "ESP32BLE" */;
			buildPhases = (
				1D590E252F611FB700E430E0 /* Sources */,
				1D590E262F611FB700E430E0 /* Frameworks */,
				1D590E272F611FB700E430E0 /* Resources */,
			);
			buildRules = (
			);
			dependencies = (
			);
			name = ESP32BLE;
			packageProductDependencies = (
			);
			productName = ESP32BLE;
			productReference = 1D590E292F611FB700E430E0 /* ESP32BLE.app */;
			productType = "com.apple.product-type.application";
		};
/* End PBXNativeTarget section */

/* Begin PBXProject section */
		1D590E212F611FB700E430E0 /* Project object */ = {
			isa = PBXProject;
			attributes = {
				BuildIndependentTargetsInParallel = 1;
				LastSwiftUpdateCheck = 2630;
				LastUpgradeCheck = 2630;
				TargetAttributes = {
					1D590E282F611FB700E430E0 = {
						CreatedOnToolsVersion = 26.3;
					};
				};
			};
			buildConfigurationList = 1D590E242F611FB700E430E0 /* Build configuration list for PBXProject "ESP32BLE" */;
			developmentRegion = en;
			hasScannedForEncodings = 0;
			knownRegions = (
				en,
				Base,
			);
			mainGroup = 1D590E202F611FB700E430E0;
			minimizedProjectReferenceProxies = 1;
			preferredProjectObjectVersion = 77;
			productRefGroup = 1D590E2A2F611FB700E430E0 /* Products */;
			projectDirPath = "";
			projectRoot = "";
			targets = (
				1D590E282F611FB700E430E0 /* ESP32BLE */,
			);
		};
/* End PBXProject section */

/* Begin PBXResourcesBuildPhase section */
		1D590E272F611FB700E430E0 /* Resources */ = {
			isa = PBXResourcesBuildPhase;
			buildActionMask = 2147483647;
			files = (
				1D590E5F2F61206100E430E0 /* Assets.xcassets in Resources */,
			);
			runOnlyForDeploymentPostprocessing = 0;
		};
/* End PBXResourcesBuildPhase section */

/* Begin PBXSourcesBuildPhase section */
		1D590E252F611FB700E430E0 /* Sources */ = {
			isa = PBXSourcesBuildPhase;
			buildActionMask = 2147483647;
			files = (
				1D590E562F61206100E430E0 /* BLEDiscoveredDevice.swift in Sources */,
				1D590E572F61206100E430E0 /* BLEKeyboardManager.swift in Sources */,
				1D590E582F61206100E430E0 /* CommandButtonsSection.swift in Sources */,
				1D590E592F61206100E430E0 /* ConnectionStatusSection.swift in Sources */,
				1D590E5A2F61206100E430E0 /* ContentView.swift in Sources */,
				1D590E5C2F61206100E430E0 /* ESP32BLEApp.swift in Sources */,
				1D590E642F61350E00E430E0 /* MainScreen.swift in Sources */,
				1DDE39C92F7A51E6001A65E7 /* KeyboardScreen.swift in Sources */,
				1D590E5D2F61206100E430E0 /* PhraseButtonsSection.swift in Sources */,
				1D590E662F61350F00E430E0 /* SettingsScreen.swift in Sources */,
				1D590E5E2F61206100E430E0 /* TestArea.swift in Sources */,
			);
			runOnlyForDeploymentPostprocessing = 0;
		};
/* End PBXSourcesBuildPhase section */

/* Begin XCBuildConfiguration section */
		1D590E322F611FB900E430E0 /* Debug */ = {
			isa = XCBuildConfiguration;
			buildSettings = {
				ALWAYS_SEARCH_USER_PATHS = NO;
				ASSETCATALOG_COMPILER_GENERATE_SWIFT_ASSET_SYMBOL_EXTENSIONS = YES;
				CLANG_ANALYZER_NONNULL = YES;
				CLANG_ANALYZER_NUMBER_OBJECT_CONVERSION = YES_AGGRESSIVE;
				CLANG_CXX_LANGUAGE_STANDARD = "gnu++20";
				CLANG_ENABLE_MODULES = YES;
				CLANG_ENABLE_OBJC_ARC = YES;
				CLANG_ENABLE_OBJC_WEAK = YES;
				CLANG_WARN_BLOCK_CAPTURE_AUTORELEASING = YES;
				CLANG_WARN_BOOL_CONVERSION = YES;
				CLANG_WARN_COMMA = YES;
				CLANG_WARN_CONSTANT_CONVERSION = YES;
				CLANG_WARN_DEPRECATED_OBJC_IMPLEMENTATIONS = YES;
				CLANG_WARN_DIRECT_OBJC_ISA_USAGE = YES_ERROR;
				CLANG_WARN_DOCUMENTATION_COMMENTS = YES;
				CLANG_WARN_EMPTY_BODY = YES;
				CLANG_WARN_ENUM_CONVERSION = YES;
				CLANG_WARN_INFINITE_RECURSION = YES;
				CLANG_WARN_INT_CONVERSION = YES;
				CLANG_WARN_NON_LITERAL_NULL_CONVERSION = YES;
				CLANG_WARN_OBJC_IMPLICIT_RETAIN_SELF = YES;
				CLANG_WARN_OBJC_LITERAL_CONVERSION = YES;
				CLANG_WARN_OBJC_ROOT_CLASS = YES_ERROR;
				CLANG_WARN_QUOTED_INCLUDE_IN_FRAMEWORK_HEADER = YES;
				CLANG_WARN_RANGE_LOOP_ANALYSIS = YES;
				CLANG_WARN_STRICT_PROTOTYPES = YES;
				CLANG_WARN_SUSPICIOUS_MOVE = YES;
				CLANG_WARN_UNGUARDED_AVAILABILITY = YES_AGGRESSIVE;
				CLANG_WARN_UNREACHABLE_CODE = YES;
				CLANG_WARN__DUPLICATE_METHOD_MATCH = YES;
				COPY_PHASE_STRIP = NO;
				DEBUG_INFORMATION_FORMAT = dwarf;
				DEVELOPMENT_TEAM = JH6L6AXE42;
				ENABLE_STRICT_OBJC_MSGSEND = YES;
				ENABLE_TESTABILITY = YES;
				ENABLE_USER_SCRIPT_SANDBOXING = YES;
				GCC_C_LANGUAGE_STANDARD = gnu17;
				GCC_DYNAMIC_NO_PIC = NO;
				GCC_NO_COMMON_BLOCKS = YES;
				GCC_OPTIMIZATION_LEVEL = 0;
				GCC_PREPROCESSOR_DEFINITIONS = (
					"DEBUG=1",
					"$(inherited)",
				);
				GCC_WARN_64_TO_32_BIT_CONVERSION = YES;
				GCC_WARN_ABOUT_RETURN_TYPE = YES_ERROR;
				GCC_WARN_UNDECLARED_SELECTOR = YES;
				GCC_WARN_UNINITIALIZED_AUTOS = YES_AGGRESSIVE;
				GCC_WARN_UNUSED_FUNCTION = YES;
				GCC_WARN_UNUSED_VARIABLE = YES;
				IPHONEOS_DEPLOYMENT_TARGET = 26.2;
				LOCALIZATION_PREFERS_STRING_CATALOGS = YES;
				MTL_ENABLE_DEBUG_INFO = INCLUDE_SOURCE;
				MTL_FAST_MATH = YES;
				ONLY_ACTIVE_ARCH = YES;
				SDKROOT = iphoneos;
				SWIFT_ACTIVE_COMPILATION_CONDITIONS = "DEBUG $(inherited)";
				SWIFT_OPTIMIZATION_LEVEL = "-Onone";
			};
			name = Debug;
		};
		1D590E332F611FB900E430E0 /* Release */ = {
			isa = XCBuildConfiguration;
			buildSettings = {
				ALWAYS_SEARCH_USER_PATHS = NO;
				ASSETCATALOG_COMPILER_GENERATE_SWIFT_ASSET_SYMBOL_EXTENSIONS = YES;
				CLANG_ANALYZER_NONNULL = YES;
				CLANG_ANALYZER_NUMBER_OBJECT_CONVERSION = YES_AGGRESSIVE;
				CLANG_CXX_LANGUAGE_STANDARD = "gnu++20";
				CLANG_ENABLE_MODULES = YES;
				CLANG_ENABLE_OBJC_ARC = YES;
				CLANG_ENABLE_OBJC_WEAK = YES;
				CLANG_WARN_BLOCK_CAPTURE_AUTORELEASING = YES;
				CLANG_WARN_BOOL_CONVERSION = YES;
				CLANG_WARN_COMMA = YES;
				CLANG_WARN_CONSTANT_CONVERSION = YES;
				CLANG_WARN_DEPRECATED_OBJC_IMPLEMENTATIONS = YES;
				CLANG_WARN_DIRECT_OBJC_ISA_USAGE = YES_ERROR;
				CLANG_WARN_DOCUMENTATION_COMMENTS = YES;
				CLANG_WARN_EMPTY_BODY = YES;
				CLANG_WARN_ENUM_CONVERSION = YES;
				CLANG_WARN_INFINITE_RECURSION = YES;
				CLANG_WARN_INT_CONVERSION = YES;
				CLANG_WARN_NON_LITERAL_NULL_CONVERSION = YES;
				CLANG_WARN_OBJC_IMPLICIT_RETAIN_SELF = YES;
				CLANG_WARN_OBJC_LITERAL_CONVERSION = YES;
				CLANG_WARN_OBJC_ROOT_CLASS = YES_ERROR;
				CLANG_WARN_QUOTED_INCLUDE_IN_FRAMEWORK_HEADER = YES;
				CLANG_WARN_RANGE_LOOP_ANALYSIS = YES;
				CLANG_WARN_STRICT_PROTOTYPES = YES;
				CLANG_WARN_SUSPICIOUS_MOVE = YES;
				CLANG_WARN_UNGUARDED_AVAILABILITY = YES_AGGRESSIVE;
				CLANG_WARN_UNREACHABLE_CODE = YES;
				CLANG_WARN__DUPLICATE_METHOD_MATCH = YES;
				COPY_PHASE_STRIP = NO;
				DEBUG_INFORMATION_FORMAT = "dwarf-with-dsym";
				DEVELOPMENT_TEAM = JH6L6AXE42;
				ENABLE_NS_ASSERTIONS = NO;
				ENABLE_STRICT_OBJC_MSGSEND = YES;
				ENABLE_USER_SCRIPT_SANDBOXING = YES;
				GCC_C_LANGUAGE_STANDARD = gnu17;
				GCC_NO_COMMON_BLOCKS = YES;
				GCC_WARN_64_TO_32_BIT_CONVERSION = YES;
				GCC_WARN_ABOUT_RETURN_TYPE = YES_ERROR;
				GCC_WARN_UNDECLARED_SELECTOR = YES;
				GCC_WARN_UNINITIALIZED_AUTOS = YES_AGGRESSIVE;
				GCC_WARN_UNUSED_FUNCTION = YES;
				GCC_WARN_UNUSED_VARIABLE = YES;
				IPHONEOS_DEPLOYMENT_TARGET = 26.2;
				LOCALIZATION_PREFERS_STRING_CATALOGS = YES;
				MTL_ENABLE_DEBUG_INFO = NO;
				MTL_FAST_MATH = YES;
				SDKROOT = iphoneos;
				SWIFT_COMPILATION_MODE = wholemodule;
				VALIDATE_PRODUCT = YES;
			};
			name = Release;
		};
		1D590E352F611FB900E430E0 /* Debug */ = {
			isa = XCBuildConfiguration;
			buildSettings = {
				ASSETCATALOG_COMPILER_APPICON_NAME = AppIcon;
				ASSETCATALOG_COMPILER_GLOBAL_ACCENT_COLOR_NAME = AccentColor;
				CODE_SIGN_STYLE = Automatic;
				CURRENT_PROJECT_VERSION = 1;
				DEVELOPMENT_TEAM = JH6L6AXE42;
				ENABLE_PREVIEWS = YES;
				GENERATE_INFOPLIST_FILE = YES;
				INFOPLIST_FILE = ESP32BLE/Info.plist;
				INFOPLIST_KEY_LSSupportsOpeningDocumentsInPlace = YES;
				INFOPLIST_KEY_NSBluetoothAlwaysUsageDescription = "This app uses BT to connect to ESP32";
				INFOPLIST_KEY_UIApplicationSceneManifest_Generation = YES;
				INFOPLIST_KEY_UIApplicationSupportsIndirectInputEvents = YES;
				INFOPLIST_KEY_UIFileSharingEnabled = YES;
				INFOPLIST_KEY_UILaunchScreen_Generation = YES;
				INFOPLIST_KEY_UISupportedInterfaceOrientations_iPad = "UIInterfaceOrientationPortrait UIInterfaceOrientationPortraitUpsideDown UIInterfaceOrientationLandscapeLeft UIInterfaceOrientationLandscapeRight";
				INFOPLIST_KEY_UISupportedInterfaceOrientations_iPhone = "UIInterfaceOrientationPortrait UIInterfaceOrientationLandscapeLeft UIInterfaceOrientationLandscapeRight";
				LD_RUNPATH_SEARCH_PATHS = (
					"$(inherited)",
					"@executable_path/Frameworks",
				);
				MARKETING_VERSION = 1.0;
				PRODUCT_BUNDLE_IDENTIFIER = com.mindtn.ESP32BLE;
				PRODUCT_NAME = "$(TARGET_NAME)";
				STRING_CATALOG_GENERATE_SYMBOLS = YES;
				SWIFT_APPROACHABLE_CONCURRENCY = YES;
				SWIFT_DEFAULT_ACTOR_ISOLATION = MainActor;
				SWIFT_EMIT_LOC_STRINGS = YES;
				SWIFT_UPCOMING_FEATURE_MEMBER_IMPORT_VISIBILITY = YES;
				SWIFT_VERSION = 5.0;
				TARGETED_DEVICE_FAMILY = "1,2";
			};
			name = Debug;
		};
		1D590E362F611FB900E430E0 /* Release */ = {
			isa = XCBuildConfiguration;
			buildSettings = {
				ASSETCATALOG_COMPILER_APPICON_NAME = AppIcon;
				ASSETCATALOG_COMPILER_GLOBAL_ACCENT_COLOR_NAME = AccentColor;
				CODE_SIGN_STYLE = Automatic;
				CURRENT_PROJECT_VERSION = 1;
				DEVELOPMENT_TEAM = JH6L6AXE42;
				ENABLE_PREVIEWS = YES;
				GENERATE_INFOPLIST_FILE = YES;
				INFOPLIST_FILE = ESP32BLE/Info.plist;
				INFOPLIST_KEY_LSSupportsOpeningDocumentsInPlace = YES;
				INFOPLIST_KEY_NSBluetoothAlwaysUsageDescription = "This app uses BT to connect to ESP32";
				INFOPLIST_KEY_UIApplicationSceneManifest_Generation = YES;
				INFOPLIST_KEY_UIApplicationSupportsIndirectInputEvents = YES;
				INFOPLIST_KEY_UIFileSharingEnabled = YES;
				INFOPLIST_KEY_UILaunchScreen_Generation = YES;
				INFOPLIST_KEY_UISupportedInterfaceOrientations_iPad = "UIInterfaceOrientationPortrait UIInterfaceOrientationPortraitUpsideDown UIInterfaceOrientationLandscapeLeft UIInterfaceOrientationLandscapeRight";
				INFOPLIST_KEY_UISupportedInterfaceOrientations_iPhone = "UIInterfaceOrientationPortrait UIInterfaceOrientationLandscapeLeft UIInterfaceOrientationLandscapeRight";
				LD_RUNPATH_SEARCH_PATHS = (
					"$(inherited)",
					"@executable_path/Frameworks",
				);
				MARKETING_VERSION = 1.0;
				PRODUCT_BUNDLE_IDENTIFIER = com.mindtn.ESP32BLE;
				PRODUCT_NAME = "$(TARGET_NAME)";
				STRING_CATALOG_GENERATE_SYMBOLS = YES;
				SWIFT_APPROACHABLE_CONCURRENCY = YES;
				SWIFT_DEFAULT_ACTOR_ISOLATION = MainActor;
				SWIFT_EMIT_LOC_STRINGS = YES;
				SWIFT_UPCOMING_FEATURE_MEMBER_IMPORT_VISIBILITY = YES;
				SWIFT_VERSION = 5.0;
				TARGETED_DEVICE_FAMILY = "1,2";
			};
			name = Release;
		};
/* End XCBuildConfiguration section */

/* Begin XCConfigurationList section */
		1D590E242F611FB700E430E0 /* Build configuration list for PBXProject "ESP32BLE" */ = {
			isa = XCConfigurationList;
			buildConfigurations = (
				1D590E322F611FB900E430E0 /* Debug */,
				1D590E332F611FB900E430E0 /* Release */,
			);
			defaultConfigurationIsVisible = 0;
			defaultConfigurationName = Release;
		};
		1D590E342F611FB900E430E0 /* Build configuration list for PBXNativeTarget "ESP32BLE" */ = {
			isa = XCConfigurationList;
			buildConfigurations = (
				1D590E352F611FB900E430E0 /* Debug */,
				1D590E362F611FB900E430E0 /* Release */,
			);
			defaultConfigurationIsVisible = 0;
			defaultConfigurationName = Release;
		};
/* End XCConfigurationList section */
	};
	rootObject = 1D590E212F611FB700E430E0 /* Project object */;
}
