// !$*UTF8*$!
{
	archiveVersion = 1;
	classes = {
	};
	objectVersion = 77;
	objects = {

/* Begin PBXBuildFile section */
		1D590E562F61206100E430E0 /* BLEDiscoveredDevice.swift in Sources */ = {isa = PBXBuildFile; fileRef = 1D590E4B2F61206100E430E0 /* BLEDiscoveredDevice.swift */; };
		1D590E572F61206100E430E0 /* BLEKeyboardManager.swift in Sources */ = {isa = PBXBuildFile; fileRef = 1D590E4C2F61206100E430E0 /* BLEKeyboardManager.swift */; };
		1D590E582F61206100E430E0 /* CommandButtonsSection.swift in Sources */ = {isa = PBXBuildFile; fileRef = 1D590E4D2F61206100E430E0 /* CommandButtonsSection.swift */; };
		1D590E592F61206100E430E0 /* ConnectionStatusSection.swift in Sources */ = {isa = PBXBuildFile; fileRef = 1D590E4E2F61206100E430E0 /* ConnectionStatusSection.swift */; };
		1D590E5A2F61206100E430E0 /* ContentView.swift in Sources */ = {isa = PBXBuildFile; fileRef = 1D590E4F2F61206100E430E0 /* ContentView.swift */; };
		1D590E5C2F61206100E430E0 /* ESP32BLEApp.swift in Sources */ = {isa = PBXBuildFile; fileRef = 1D590E512F61206100E430E0 /* ESP32BLEApp.swift */; };
		1D590E5D2F61206100E430E0 /* PhraseButtonsSection.swift in Sources */ = {isa = PBXBuildFile; fileRef = 1D590E522F61206100E430E0 /* PhraseButtonsSection.swift */; };
		1D590E5E2F61206100E430E0 /* TestArea.swift in Sources */ = {isa = PBXBuildFile; fileRef = 1D590E542F61206100E430E0 /* TestArea.swift */; };
		1D590E5F2F61206100E430E0 /* Assets.xcassets in Resources */ = {isa = PBXBuildFile; fileRef = 1D590E4A2F61206100E430E0 /* Assets.xcassets */; };
		1D590E642F61350E00E430E0 /* MainScreen.swift in Sources */ = {isa = PBXBuildFile; fileRef = 1D590E632F61350E00E430E0 /* MainScreen.swift */; };
		1D590E662F61350F00E430E0 /* SettingsScreen.swift in Sources */ = {isa = PBXBuildFile; fileRef = 1D590E652F61350F00E430E0 /* SettingsScreen.swift */; };
		1DDE39C92F7A51E6001A65E7 /* KeyboardScreen.swift in Sources */ = {isa = PBXBuildFile; fileRef = 1DDE39C82F7A51E6001A65E7 /* KeyboardScreen.swift */; };
		1DDFB7DD2F878F8400776ED6 /* MainScreenDisplayMode.swift in Sources */ = {isa = PBXBuildFile; fileRef = 1DDFB7DC2F878F8400776ED6 /* MainScreenDisplayMode.swift */; };
		1DDFB7DF2F87903100776ED6 /* SlotEditorTextField.swift in Sources */ = {isa = PBXBuildFile; fileRef = 1DDFB7DE2F87903100776ED6 /* SlotEditorTextField.swift */; };
		1DDFB7E12F87903200776ED6 /* SpeechRecognitionManager.swift in Sources */ = {isa = PBXBuildFile; fileRef = 1DDFB7E02F87903200776ED6 /* SpeechRecognitionManager.swift */; };
		1DDFB7E32F87903300776ED6 /* SettingsEditorSupport.swift in Sources */ = {isa = PBXBuildFile; fileRef = 1DDFB7E22F87903300776ED6 /* SettingsEditorSupport.swift */; };
		1DDFB7E52F87903300776ED6 /* KeyboardModels.swift in Sources */ = {isa = PBXBuildFile; fileRef = 1DDFB7E42F87903300776ED6 /* KeyboardModels.swift */; };
		1DDFB7E72F87903400776ED6 /* KeyboardInputField.swift in Sources */ = {isa = PBXBuildFile; fileRef = 1DDFB7E62F87903400776ED6 /* KeyboardInputField.swift */; };
		1DDFB7E92F87946300776ED6 /* MainScreenSlotEditorOverlay.swift in Sources */ = {isa = PBXBuildFile; fileRef = 1DDFB7E82F87946300776ED6 /* MainScreenSlotEditorOverlay.swift */; };
		1DDFB7EB2F87946400776ED6 /* SettingsImagePreviewPanel.swift in Sources */ = {isa = PBXBuildFile; fileRef = 1DDFB7EA2F87946400776ED6 /* SettingsImagePreviewPanel.swift */; };
		1DDFB7ED2F87946400776ED6 /* KeyboardTopSectionView.swift in Sources */ = {isa = PBXBuildFile; fileRef = 1DDFB7EC2F87946400776ED6 /* KeyboardTopSectionView.swift */; };
		1DDFB7EF2F8795E000776ED6 /* MainScreenBottomBar.swift in Sources */ = {isa = PBXBuildFile; fileRef = 1DDFB7EE2F8795E000776ED6 /* MainScreenBottomBar.swift */; };
		1DDFB7F12F8795E000776ED6 /* SettingsAvailableDevicesPanel.swift in Sources */ = {isa = PBXBuildFile; fileRef = 1DDFB7F02F8795E000776ED6 /* SettingsAvailableDevicesPanel.swift */; };
		1DDFB7F32F8795E000776ED6 /* KeyboardGridView.swift in Sources */ = {isa = PBXBuildFile; fileRef = 1DDFB7F22F8795E000776ED6 /* KeyboardGridView.swift */; };
		1DDFB7F52F87989E00776ED6 /* MainScreenToolbarContent.swift in Sources */ = {isa = PBXBuildFile; fileRef = 1DDFB7F42F87989E00776ED6 /* MainScreenToolbarContent.swift */; };
		1DDFB7F72F87989E00776ED6 /* SettingsDocumentTableSection.swift in Sources */ = {isa = PBXBuildFile; fileRef = 1DDFB7F62F87989E00776ED6 /* SettingsDocumentTableSection.swift */; };
		1DDFB7F92F87989F00776ED6 /* SettingsKeyboardTimingSection.swift in Sources */ = {isa = PBXBuildFile; fileRef = 1DDFB7F82F87989F00776ED6 /* SettingsKeyboardTimingSection.swift */; };
		1DDFB7FB2F87989F00776ED6 /* KeyboardLayoutSelection.swift in Sources */ = {isa = PBXBuildFile; fileRef = 1DDFB7FA2F87989F00776ED6 /* KeyboardLayoutSelection.swift */; };
		1DDFB7FD2F879EFD00776ED6 /* MainScreenGridSection.swift in Sources */ = {isa = PBXBuildFile; fileRef = 1DDFB7FC2F879EFD00776ED6 /* MainScreenGridSection.swift */; };
		1DDFB7FF2F879EFE00776ED6 /* SettingsBottomControlsSection.swift in Sources */ = {isa = PBXBuildFile; fileRef = 1DDFB7FE2F879EFE00776ED6 /* SettingsBottomControlsSection.swift */; };
		1DDFB8012F879EFE00776ED6 /* KeyboardModeRows.swift in Sources */ = {isa = PBXBuildFile; fileRef = 1DDFB8002F879EFE00776ED6 /* KeyboardModeRows.swift */; };
		1DDFB8032F87A4E300776ED6 /* MainScreenButtonBehavior.swift in Sources */ = {isa = PBXBuildFile; fileRef = 1DDFB8022F87A4E300776ED6 /* MainScreenButtonBehavior.swift */; };
		1DDFB8052F87A4E300776ED6 /* SettingsImageControlsSection.swift in Sources */ = {isa = PBXBuildFile; fileRef = 1DDFB8042F87A4E300776ED6 /* SettingsImageControlsSection.swift */; };
		1DDFB8072F87A4E300776ED6 /* KeyboardInputBehavior.swift in Sources */ = {isa = PBXBuildFile; fileRef = 1DDFB8062F87A4E300776ED6 /* KeyboardInputBehavior.swift */; };
		1DDFB8092F87A62700776ED6 /* MainScreenDocumentActions.swift in Sources */ = {isa = PBXBuildFile; fileRef = 1DDFB8082F87A62700776ED6 /* MainScreenDocumentActions.swift */; };
		1DDFB80B2F87A62700776ED6 /* SettingsImageSelectionSupport.swift in Sources */ = {isa = PBXBuildFile; fileRef = 1DDFB80A2F87A62700776ED6 /* SettingsImageSelectionSupport.swift */; };
		1DDFB80D2F87A62700776ED6 /* KeyboardNavigationSupport.swift in Sources */ = {isa = PBXBuildFile; fileRef = 1DDFB80C2F87A62700776ED6 /* KeyboardNavigationSupport.swift */; };
		1DDFB80F2F87AAB800776ED6 /* MainScreenBackgroundImageSupport.swift in Sources */ = {isa = PBXBuildFile; fileRef = 1DDFB80E2F87AAB800776ED6 /* MainScreenBackgroundImageSupport.swift */; };
		1DDFB8112F87C64500776ED6 /* debug.swift in Sources */ = {isa = PBXBuildFile; fileRef = 1DDFB8102F87C64000776ED6 /* debug.swift */; };
		1DDFB8132F8868D600776ED6 /* MainScreenSpeechRecognitionSupport.swift in Sources */ = {isa = PBXBuildFile; fileRef = 1DDFB8122F8868D600776ED6 /* MainScreenSpeechRecognitionSupport.swift */; };
		1DDFB8152F8868D700776ED6 /* SettingsSendTextSupport.swift in Sources */ = {isa = PBXBuildFile; fileRef = 1DDFB8142F8868D700776ED6 /* SettingsSendTextSupport.swift */; };
		1DDFB8172F8868D700776ED6 /* KeyboardModifierSendSupport.swift in Sources */ = {isa = PBXBuildFile; fileRef = 1DDFB8162F8868D700776ED6 /* KeyboardModifierSendSupport.swift */; };
/* End PBXBuildFile section */

/* Begin PBXFileReference section */
		1D33C2D12F6145DC0098FD5C /* Info.plist */ = {isa = PBXFileReference; lastKnownFileType = text.plist; path = Info.plist; sourceTree = "<group>"; };
		1D590E292F611FB700E430E0 /* ESP32BLE.app */ = {isa = PBXFileReference; explicitFileType = wrapper.application; includeInIndex = 0; path = ESP32BLE.app; sourceTree = BUILT_PRODUCTS_DIR; };
		1D590E4A2F61206100E430E0 /* Assets.xcassets */ = {isa = PBXFileReference; lastKnownFileType = folder.assetcatalog; path = Assets.xcassets; sourceTree = "<group>"; };
		1D590E4B2F61206100E430E0 /* BLEDiscoveredDevice.swift */ = {isa = PBXFileReference; lastKnownFileType = sourcecode.swift; path = BLEDiscoveredDevice.swift; sourceTree = "<group>"; };
		1D590E4C2F61206100E430E0 /* BLEKeyboardManager.swift */ = {isa = PBXFileReference; lastKnownFileType = sourcecode.swift; path = BLEKeyboardManager.swift; sourceTree = "<group>"; };
		1D590E4D2F61206100E430E0 /* CommandButtonsSection.swift */ = {isa = PBXFileReference; lastKnownFileType = sourcecode.swift; path = CommandButtonsSection.swift; sourceTree = "<group>"; };
		1D590E4E2F61206100E430E0 /* ConnectionStatusSection.swift */ = {isa = PBXFileReference; lastKnownFileType = sourcecode.swift; path = ConnectionStatusSection.swift; sourceTree = "<group>"; };
		1D590E4F2F61206100E430E0 /* ContentView.swift */ = {isa = PBXFileReference; lastKnownFileType = sourcecode.swift; path = ContentView.swift; sourceTree = "<group>"; };
		1D590E512F61206100E430E0 /* ESP32BLEApp.swift */ = {isa = PBXFileReference; lastKnownFileType = sourcecode.swift; path = ESP32BLEApp.swift; sourceTree = "<group>"; };
		1D590E522F61206100E430E0 /* PhraseButtonsSection.swift */ = {isa = PBXFileReference; lastKnownFileType = sourcecode.swift; path = PhraseButtonsSection.swift; sourceTree = "<group>"; };
		1D590E532F61206100E430E0 /* scratchpad.txt */ = {isa = PBXFileReference; lastKnownFileType = text; path = scratchpad.txt; sourceTree = "<group>"; };
		1D590E542F61206100E430E0 /* TestArea.swift */ = {isa = PBXFileReference; lastKnownFileType = sourcecode.swift; path = TestArea.swift; sourceTree = "<group>"; };
		1D590E632F61350E00E430E0 /* MainScreen.swift */ = {isa = PBXFileReference; lastKnownFileType = sourcecode.swift; path = MainScreen.swift; sourceTree = "<group>"; };
		1D590E652F61350F00E430E0 /* SettingsScreen.swift */ = {isa = PBXFileReference; lastKnownFileType = sourcecode.swift; path = SettingsScreen.swift; sourceTree = "<group>"; };
		1D611EA32FC7E2B000B750AE /* msfs-ds-cam.txt */ = {isa = PBXFileReference; lastKnownFileType = text; path = "msfs-ds-cam.txt"; sourceTree = "<group>"; };
		1D611EA42FC7E2B000B750AE /* msfs-ds-main.txt */ = {isa = PBXFileReference; lastKnownFileType = text; path = "msfs-ds-main.txt"; sourceTree = "<group>"; };
		1D8F47D62FC7BBE2004EE319 /* msfs-hotas.txt */ = {isa = PBXFileReference; lastKnownFileType = text; path = "msfs-hotas.txt"; sourceTree = "<group>"; };
		1D8F47D92FC7BC71004EE319 /* msfs-vr.txt */ = {isa = PBXFileReference; lastKnownFileType = text; path = "msfs-vr.txt"; sourceTree = "<group>"; };
		1DDE39C82F7A51E6001A65E7 /* KeyboardScreen.swift */ = {isa = PBXFileReference; lastKnownFileType = sourcecode.swift; path = KeyboardScreen.swift; sourceTree = "<group>"; };
		1DDFB7DC2F878F8400776ED6 /* MainScreenDisplayMode.swift */ = {isa = PBXFileReference; lastKnownFileType = sourcecode.swift; path = MainScreenDisplayMode.swift; sourceTree = "<group>"; };
		1DDFB7DE2F87903100776ED6 /* SlotEditorTextField.swift */ = {isa = PBXFileReference; lastKnownFileType = sourcecode.swift; path = SlotEditorTextField.swift; sourceTree = "<group>"; };
		1DDFB7E02F87903200776ED6 /* SpeechRecognitionManager.swift */ = {isa = PBXFileReference; lastKnownFileType = sourcecode.swift; path = SpeechRecognitionManager.swift; sourceTree = "<group>"; };
		1DDFB7E22F87903300776ED6 /* SettingsEditorSupport.swift */ = {isa = PBXFileReference; lastKnownFileType = sourcecode.swift; path = SettingsEditorSupport.swift; sourceTree = "<group>"; };
		1DDFB7E42F87903300776ED6 /* KeyboardModels.swift */ = {isa = PBXFileReference; lastKnownFileType = sourcecode.swift; path = KeyboardModels.swift; sourceTree = "<group>"; };
		1DDFB7E62F87903400776ED6 /* KeyboardInputField.swift */ = {isa = PBXFileReference; lastKnownFileType = sourcecode.swift; path = KeyboardInputField.swift; sourceTree = "<group>"; };
		1DDFB7E82F87946300776ED6 /* MainScreenSlotEditorOverlay.swift */ = {isa = PBXFileReference; lastKnownFileType = sourcecode.swift; path = MainScreenSlotEditorOverlay.swift; sourceTree = "<group>"; };
		1DDFB7EA2F87946400776ED6 /* SettingsImagePreviewPanel.swift */ = {isa = PBXFileReference; lastKnownFileType = sourcecode.swift; path = SettingsImagePreviewPanel.swift; sourceTree = "<group>"; };
		1DDFB7EC2F87946400776ED6 /* KeyboardTopSectionView.swift */ = {isa = PBXFileReference; lastKnownFileType = sourcecode.swift; path = KeyboardTopSectionView.swift; sourceTree = "<group>"; };
		1DDFB7EE2F8795E000776ED6 /* MainScreenBottomBar.swift */ = {isa = PBXFileReference; lastKnownFileType = sourcecode.swift; path = MainScreenBottomBar.swift; sourceTree = "<group>"; };
		1DDFB7F02F8795E000776ED6 /* SettingsAvailableDevicesPanel.swift */ = {isa = PBXFileReference; lastKnownFileType = sourcecode.swift; path = SettingsAvailableDevicesPanel.swift; sourceTree = "<group>"; };
		1DDFB7F22F8795E000776ED6 /* KeyboardGridView.swift */ = {isa = PBXFileReference; lastKnownFileType = sourcecode.swift; path = KeyboardGridView.swift; sourceTree = "<group>"; };
		1DDFB7F42F87989E00776ED6 /* MainScreenToolbarContent.swift */ = {isa = PBXFileReference; lastKnownFileType = sourcecode.swift; path = MainScreenToolbarContent.swift; sourceTree = "<group>"; };
		1DDFB7F62F87989E00776ED6 /* SettingsDocumentTableSection.swift */ = {isa = PBXFileReference; lastKnownFileType = sourcecode.swift; path = SettingsDocumentTableSection.swift; sourceTree = "<group>"; };
		1DDFB7F82F87989F00776ED6 /* SettingsKeyboardTimingSection.swift */ = {isa = PBXFileReference; lastKnownFileType = sourcecode.swift; path = SettingsKeyboardTimingSection.swift; sourceTree = "<group>"; };
		1DDFB7FA2F87989F00776ED6 /* KeyboardLayoutSelection.swift */ = {isa = PBXFileReference; lastKnownFileType = sourcecode.swift; path = KeyboardLayoutSelection.swift; sourceTree = "<group>"; };
		1DDFB7FC2F879EFD00776ED6 /* MainScreenGridSection.swift */ = {isa = PBXFileReference; lastKnownFileType = sourcecode.swift; path = MainScreenGridSection.swift; sourceTree = "<group>"; };
		1DDFB7FE2F879EFE00776ED6 /* SettingsBottomControlsSection.swift */ = {isa = PBXFileReference; lastKnownFileType = sourcecode.swift; path = SettingsBottomControlsSection.swift; sourceTree = "<group>"; };
		1DDFB8002F879EFE00776ED6 /* KeyboardModeRows.swift */ = {isa = PBXFileReference; lastKnownFileType = sourcecode.swift; path = KeyboardModeRows.swift; sourceTree = "<group>"; };
		1DDFB8022F87A4E300776ED6 /* MainScreenButtonBehavior.swift */ = {isa = PBXFileReference; lastKnownFileType = sourcecode.swift; path = MainScreenButtonBehavior.swift; sourceTree = "<group>"; };
		1DDFB8042F87A4E300776ED6 /* SettingsImageControlsSection.swift */ = {isa = PBXFileReference; lastKnownFileType = sourcecode.swift; path = SettingsImageControlsSection.swift; sourceTree = "<group>"; };
		1DDFB8062F87A4E300776ED6 /* KeyboardInputBehavior.swift */ = {isa = PBXFileReference; lastKnownFileType = sourcecode.swift; path = KeyboardInputBehavior.swift; sourceTree = "<group>"; };
		1DDFB8082F87A62700776ED6 /* MainScreenDocumentActions.swift */ = {isa = PBXFileReference; lastKnownFileType = sourcecode.swift; path = MainScreenDocumentActions.swift; sourceTree = "<group>"; };
		1DDFB80A2F87A62700776ED6 /* SettingsImageSelectionSupport.swift */ = {isa = PBXFileReference; lastKnownFileType = sourcecode.swift; path = SettingsImageSelectionSupport.swift; sourceTree = "<group>"; };
		1DDFB80C2F87A62700776ED6 /* KeyboardNavigationSupport.swift */ = {isa = PBXFileReference; lastKnownFileType = sourcecode.swift; path = KeyboardNavigationSupport.swift; sourceTree = "<group>"; };
		1DDFB80E2F87AAB800776ED6 /* MainScreenBackgroundImageSupport.swift */ = {isa = PBXFileReference; lastKnownFileType = sourcecode.swift; path = MainScreenBackgroundImageSupport.swift; sourceTree = "<group>"; };
		1DDFB8102F87C64000776ED6 /* debug.swift */ = {isa = PBXFileReference; lastKnownFileType = sourcecode.swift; path = debug.swift; sourceTree = "<group>"; };
		1DDFB8122F8868D600776ED6 /* MainScreenSpeechRecognitionSupport.swift */ = {isa = PBXFileReference; lastKnownFileType = sourcecode.swift; path = MainScreenSpeechRecognitionSupport.swift; sourceTree = "<group>"; };
		1DDFB8142F8868D700776ED6 /* SettingsSendTextSupport.swift */ = {isa = PBXFileReference; lastKnownFileType = sourcecode.swift; path = SettingsSendTextSupport.swift; sourceTree = "<group>"; };
		1DDFB8162F8868D700776ED6 /* KeyboardModifierSendSupport.swift */ = {isa = PBXFileReference; lastKnownFileType = sourcecode.swift; path = KeyboardModifierSendSupport.swift; sourceTree = "<group>"; };
/* End PBXFileReference section */

/* Begin PBXFrameworksBuildPhase section */
		1D590E262F611FB700E430E0 /* Frameworks */ = {
			isa = PBXFrameworksBuildPhase;
			buildActionMask = 2147483647;
			files = (
			);
			runOnlyForDeploymentPostprocessing = 0;
		};
/* End PBXFrameworksBuildPhase section */

/* Begin PBXGroup section */
		1D1B29CB2F63ABE7004733D7 /* btns */ = {
			isa = PBXGroup;
			children = (
				1D590E4D2F61206100E430E0 /* CommandButtonsSection.swift */,
				1D590E522F61206100E430E0 /* PhraseButtonsSection.swift */,
			);
			path = btns;
			sourceTree = "<group>";
		};
		1D1B29CC2F63ABF8004733D7 /* BLE */ = {
			isa = PBXGroup;
			children = (
				1D590E4B2F61206100E430E0 /* BLEDiscoveredDevice.swift */,
				1D590E4C2F61206100E430E0 /* BLEKeyboardManager.swift */,
				1D590E4E2F61206100E430E0 /* ConnectionStatusSection.swift */,
			);
			path = BLE;
			sourceTree = "<group>";
		};
		1D1B29CD2F63AC3D004733D7 /* Scrns */ = {
			isa = PBXGroup;
			children = (
				1D590E4F2F61206100E430E0 /* ContentView.swift */,
				1D590E542F61206100E430E0 /* TestArea.swift */,
				1DDFB7D92F87421300776ED6 /* MainScreen */,
				1DDFB7DA2F87421400776ED6 /* SettingsScreen */,
				1DDFB7DB2F87421400776ED6 /* KeyboardScreen */,
			);
			path = Scrns;
			sourceTree = "<group>";
		};
		1D590E202F611FB700E430E0 = {
			isa = PBXGroup;
			children = (
				1D590E552F61206100E430E0 /* ESP32BLE */,
				1D590E2A2F611FB700E430E0 /* Products */,
			);
			sourceTree = "<group>";
		};
		1D590E2A2F611FB700E430E0 /* Products */ = {
			isa = PBXGroup;
			children = (
				1D590E292F611FB700E430E0 /* ESP32BLE.app */,
			);
			name = Products;
			sourceTree = "<group>";
		};
		1D590E552F61206100E430E0 /* ESP32BLE */ = {
			isa = PBXGroup;
			children = (
				1D33C2D12F6145DC0098FD5C /* Info.plist */,
				1D590E4A2F61206100E430E0 /* Assets.xcassets */,
				1D590E512F61206100E430E0 /* ESP32BLEApp.swift */,
				1DDFB8102F87C64000776ED6 /* debug.swift */,
				1D590E532F61206100E430E0 /* scratchpad.txt */,
				1D8F47D52FC7BB8D004EE319 /* MY_ESPS */,
				1D1B29CD2F63AC3D004733D7 /* Scrns */,
				1D1B29CC2F63ABF8004733D7 /* BLE */,
				1D1B29CB2F63ABE7004733D7 /* btns */,
			);
			path = ESP32BLE;
			sourceTree = "<group>";
		};
		1D8F47D52FC7BB8D004EE319 /* MY_ESPS */ = {
			isa = PBXGroup;
			children = (
				1D8F47D82FC7BBF3004EE319 /* MSFS */,
			);
			path = MY_ESPS;
			sourceTree = "<group>";
		};
		1D8F47D82FC7BBF3004EE319 /* MSFS */ = {
			isa = PBXGroup;
			children = (
				1D8F47D62FC7BBE2004EE319 /* msfs-hotas.txt */,
				1D8F47D92FC7BC71004EE319 /* msfs-vr.txt */,
				1D611EA42FC7E2B000B750AE /* msfs-ds-main.txt */,
				1D611EA32FC7E2B000B750AE /* msfs-ds-cam.txt */,
			);
			path = MSFS;
			sourceTree = "<group>";
		};
		1DDFB7D92F87421300776ED6 /* MainScreen */ = {
			isa = PBXGroup;
			children = (
				1D590E632F61350E00E430E0 /* MainScreen.swift */,
				1DDFB7DC2F878F8400776ED6 /* MainScreenDisplayMode.swift */,
				1DDFB7DE2F87903100776ED6 /* SlotEditorTextField.swift */,
				1DDFB7E02F87903200776ED6 /* SpeechRecognitionManager.swift */,
				1DDFB7E82F87946300776ED6 /* MainScreenSlotEditorOverlay.swift */,
				1DDFB7EE2F8795E000776ED6 /* MainScreenBottomBar.swift */,
				1DDFB7F42F87989E00776ED6 /* MainScreenToolbarContent.swift */,
				1DDFB7FC2F879EFD00776ED6 /* MainScreenGridSection.swift */,
				1DDFB8022F87A4E300776ED6 /* MainScreenButtonBehavior.swift */,
				1DDFB8082F87A62700776ED6 /* MainScreenDocumentActions.swift */,
				1DDFB80E2F87AAB800776ED6 /* MainScreenBackgroundImageSupport.swift */,
				1DDFB8122F8868D600776ED6 /* MainScreenSpeechRecognitionSupport.swift */,
			);
			path = MainScreen;
			sourceTree = "<group>";
		};
		1DDFB7DA2F87421400776ED6 /* SettingsScreen */ = {
			isa = PBXGroup;
			children = (
				1D590E652F61350F00E430E0 /* SettingsScreen.swift */,
				1DDFB7E22F87903300776ED6 /* SettingsEditorSupport.swift */,
				1DDFB7EA2F87946400776ED6 /* SettingsImagePreviewPanel.swift */,
				1DDFB7F02F8795E000776ED6 /* SettingsAvailableDevicesPanel.swift */,
				1DDFB7F62F87989E00776ED6 /* SettingsDocumentTableSection.swift */,
				1DDFB7F82F87989F00776ED6 /* SettingsKeyboardTimingSection.swift */,
				1DDFB7FE2F879EFE00776ED6 /* SettingsBottomControlsSection.swift */,
				1DDFB8042F87A4E300776ED6 /* SettingsImageControlsSection.swift */,
				1DDFB80A2F87A62700776ED6 /* SettingsImageSelectionSupport.swift */,
				1DDFB8142F8868D700776ED6 /* SettingsSendTextSupport.swift */,
			);
			path = SettingsScreen;
			sourceTree = "<group>";
		};
		1DDFB7DB2F87421400776ED6 /* KeyboardScreen */ = {
			isa = PBXGroup;
			children = (
				1DDE39C82F7A51E6001A65E7 /* KeyboardScreen.swift */,
				1DDFB7E42F87903300776ED6 /* KeyboardModels.swift */,
				1DDFB7E62F87903400776ED6 /* KeyboardInputField.swift */,
				1DDFB7EC2F87946400776ED6 /* KeyboardTopSectionView.swift */,
				1DDFB7F22F8795E000776ED6 /* KeyboardGridView.swift */,
				1DDFB7FA2F87989F00776ED6 /* KeyboardLayoutSelection.swift */,
				1DDFB8002F879EFE00776ED6 /* KeyboardModeRows.swift */,
				1DDFB8062F87A4E300776ED6 /* KeyboardInputBehavior.swift */,
				1DDFB80C2F87A62700776ED6 /* KeyboardNavigationSupport.swift */,
				1DDFB8162F8868D700776ED6 /* KeyboardModifierSendSupport.swift */,
			);
			path = KeyboardScreen;
			sourceTree = "<group>";
		};
/* End PBXGroup section */

/* Begin PBXNativeTarget section */
		1D590E282F611FB700E430E0 /* ESP32BLE */ = {
			isa = PBXNativeTarget;
			buildConfigurationList = 1D590E342F611FB900E430E0 /* Build configuration list for PBXNativeTarget "ESP32BLE" */;
			buildPhases = (
				1D590E252F611FB700E430E0 /* Sources */,
				1D590E262F611FB700E430E0 /* Frameworks */,
				1D590E272F611FB700E430E0 /* Resources */,
			);
			buildRules = (
			);
			dependencies = (
			);
			name = ESP32BLE;
			packageProductDependencies = (
			);
			productName = ESP32BLE;
			productReference = 1D590E292F611FB700E430E0 /* ESP32BLE.app */;
			productType = "com.apple.product-type.application";
		};
/* End PBXNativeTarget section */

/* Begin PBXProject section */
		1D590E212F611FB700E430E0 /* Project object */ = {
			isa = PBXProject;
			attributes = {
				BuildIndependentTargetsInParallel = 1;
				LastSwiftUpdateCheck = 2630;
				LastUpgradeCheck = 2630;
				TargetAttributes = {
					1D590E282F611FB700E430E0 = {
						CreatedOnToolsVersion = 26.3;
					};
				};
			};
			buildConfigurationList = 1D590E242F611FB700E430E0 /* Build configuration list for PBXProject "ESP32BLE" */;
			developmentRegion = en;
			hasScannedForEncodings = 0;
			knownRegions = (
				en,
				Base,
			);
			mainGroup = 1D590E202F611FB700E430E0;
			minimizedProjectReferenceProxies = 1;
			preferredProjectObjectVersion = 77;
			productRefGroup = 1D590E2A2F611FB700E430E0 /* Products */;
			projectDirPath = "";
			projectRoot = "";
			targets = (
				1D590E282F611FB700E430E0 /* ESP32BLE */,
			);
		};
/* End PBXProject section */

/* Begin PBXResourcesBuildPhase section */
		1D590E272F611FB700E430E0 /* Resources */ = {
			isa = PBXResourcesBuildPhase;
			buildActionMask = 2147483647;
			files = (
				1D590E5F2F61206100E430E0 /* Assets.xcassets in Resources */,
			);
			runOnlyForDeploymentPostprocessing = 0;
		};
/* End PBXResourcesBuildPhase section */

/* Begin PBXSourcesBuildPhase section */
		1D590E252F611FB700E430E0 /* Sources */ = {
			isa = PBXSourcesBuildPhase;
			buildActionMask = 2147483647;
			files = (
				1D590E562F61206100E430E0 /* BLEDiscoveredDevice.swift in Sources */,
				1DDFB7E12F87903200776ED6 /* SpeechRecognitionManager.swift in Sources */,
				1DDFB8052F87A4E300776ED6 /* SettingsImageControlsSection.swift in Sources */,
				1DDFB7F72F87989E00776ED6 /* SettingsDocumentTableSection.swift in Sources */,
				1DDFB8072F87A4E300776ED6 /* KeyboardInputBehavior.swift in Sources */,
				1DDFB8152F8868D700776ED6 /* SettingsSendTextSupport.swift in Sources */,
				1D590E572F61206100E430E0 /* BLEKeyboardManager.swift in Sources */,
				1D590E582F61206100E430E0 /* CommandButtonsSection.swift in Sources */,
				1DDFB7E52F87903300776ED6 /* KeyboardModels.swift in Sources */,
				1D590E592F61206100E430E0 /* ConnectionStatusSection.swift in Sources */,
				1D590E5A2F61206100E430E0 /* ContentView.swift in Sources */,
				1DDFB8132F8868D600776ED6 /* MainScreenSpeechRecognitionSupport.swift in Sources */,
				1DDFB7FB2F87989F00776ED6 /* KeyboardLayoutSelection.swift in Sources */,
				1D590E5C2F61206100E430E0 /* ESP32BLEApp.swift in Sources */,
				1DDFB8012F879EFE00776ED6 /* KeyboardModeRows.swift in Sources */,
				1DDFB7FD2F879EFD00776ED6 /* MainScreenGridSection.swift in Sources */,
				1DDFB7E92F87946300776ED6 /* MainScreenSlotEditorOverlay.swift in Sources */,
				1D590E642F61350E00E430E0 /* MainScreen.swift in Sources */,
				1DDE39C92F7A51E6001A65E7 /* KeyboardScreen.swift in Sources */,
				1DDFB7E72F87903400776ED6 /* KeyboardInputField.swift in Sources */,
				1DDFB7E32F87903300776ED6 /* SettingsEditorSupport.swift in Sources */,
				1D590E5D2F61206100E430E0 /* PhraseButtonsSection.swift in Sources */,
				1DDFB80F2F87AAB800776ED6 /* MainScreenBackgroundImageSupport.swift in Sources */,
				1DDFB80D2F87A62700776ED6 /* KeyboardNavigationSupport.swift in Sources */,
				1D590E662F61350F00E430E0 /* SettingsScreen.swift in Sources */,
				1DDFB8112F87C64500776ED6 /* debug.swift in Sources */,
				1DDFB7ED2F87946400776ED6 /* KeyboardTopSectionView.swift in Sources */,
				1DDFB7F92F87989F00776ED6 /* SettingsKeyboardTimingSection.swift in Sources */,
				1DDFB8032F87A4E300776ED6 /* MainScreenButtonBehavior.swift in Sources */,
				1DDFB7EB2F87946400776ED6 /* SettingsImagePreviewPanel.swift in Sources */,
				1DDFB8172F8868D700776ED6 /* KeyboardModifierSendSupport.swift in Sources */,
				1DDFB8092F87A62700776ED6 /* MainScreenDocumentActions.swift in Sources */,
				1DDFB7FF2F879EFE00776ED6 /* SettingsBottomControlsSection.swift in Sources */,
				1DDFB7F32F8795E000776ED6 /* KeyboardGridView.swift in Sources */,
				1DDFB7DD2F878F8400776ED6 /* MainScreenDisplayMode.swift in Sources */,
				1D590E5E2F61206100E430E0 /* TestArea.swift in Sources */,
				1DDFB80B2F87A62700776ED6 /* SettingsImageSelectionSupport.swift in Sources */,
				1DDFB7F52F87989E00776ED6 /* MainScreenToolbarContent.swift in Sources */,
				1DDFB7EF2F8795E000776ED6 /* MainScreenBottomBar.swift in Sources */,
				1DDFB7DF2F87903100776ED6 /* SlotEditorTextField.swift in Sources */,
				1DDFB7F12F8795E000776ED6 /* SettingsAvailableDevicesPanel.swift in Sources */,
			);
			runOnlyForDeploymentPostprocessing = 0;
		};
/* End PBXSourcesBuildPhase section */

/* Begin XCBuildConfiguration section */
		1D590E322F611FB900E430E0 /* Debug */ = {
			isa = XCBuildConfiguration;
			buildSettings = {
				ALWAYS_SEARCH_USER_PATHS = NO;
				ASSETCATALOG_COMPILER_GENERATE_SWIFT_ASSET_SYMBOL_EXTENSIONS = YES;
				CLANG_ANALYZER_NONNULL = YES;
				CLANG_ANALYZER_NUMBER_OBJECT_CONVERSION = YES_AGGRESSIVE;
				CLANG_CXX_LANGUAGE_STANDARD = "gnu++20";
				CLANG_ENABLE_MODULES = YES;
				CLANG_ENABLE_OBJC_ARC = YES;
				CLANG_ENABLE_OBJC_WEAK = YES;
				CLANG_WARN_BLOCK_CAPTURE_AUTORELEASING = YES;
				CLANG_WARN_BOOL_CONVERSION = YES;
				CLANG_WARN_COMMA = YES;
				CLANG_WARN_CONSTANT_CONVERSION = YES;
				CLANG_WARN_DEPRECATED_OBJC_IMPLEMENTATIONS = YES;
				CLANG_WARN_DIRECT_OBJC_ISA_USAGE = YES_ERROR;
				CLANG_WARN_DOCUMENTATION_COMMENTS = YES;
				CLANG_WARN_EMPTY_BODY = YES;
				CLANG_WARN_ENUM_CONVERSION = YES;
				CLANG_WARN_INFINITE_RECURSION = YES;
				CLANG_WARN_INT_CONVERSION = YES;
				CLANG_WARN_NON_LITERAL_NULL_CONVERSION = YES;
				CLANG_WARN_OBJC_IMPLICIT_RETAIN_SELF = YES;
				CLANG_WARN_OBJC_LITERAL_CONVERSION = YES;
				CLANG_WARN_OBJC_ROOT_CLASS = YES_ERROR;
				CLANG_WARN_QUOTED_INCLUDE_IN_FRAMEWORK_HEADER = YES;
				CLANG_WARN_RANGE_LOOP_ANALYSIS = YES;
				CLANG_WARN_STRICT_PROTOTYPES = YES;
				CLANG_WARN_SUSPICIOUS_MOVE = YES;
				CLANG_WARN_UNGUARDED_AVAILABILITY = YES_AGGRESSIVE;
				CLANG_WARN_UNREACHABLE_CODE = YES;
				CLANG_WARN__DUPLICATE_METHOD_MATCH = YES;
				COPY_PHASE_STRIP = NO;
				DEBUG_INFORMATION_FORMAT = dwarf;
				DEVELOPMENT_TEAM = JH6L6AXE42;
				ENABLE_STRICT_OBJC_MSGSEND = YES;
				ENABLE_TESTABILITY = YES;
				ENABLE_USER_SCRIPT_SANDBOXING = YES;
				GCC_C_LANGUAGE_STANDARD = gnu17;
				GCC_DYNAMIC_NO_PIC = NO;
				GCC_NO_COMMON_BLOCKS = YES;
				GCC_OPTIMIZATION_LEVEL = 0;
				GCC_PREPROCESSOR_DEFINITIONS = (
					"DEBUG=1",
					"$(inherited)",
				);
				GCC_WARN_64_TO_32_BIT_CONVERSION = YES;
				GCC_WARN_ABOUT_RETURN_TYPE = YES_ERROR;
				GCC_WARN_UNDECLARED_SELECTOR = YES;
				GCC_WARN_UNINITIALIZED_AUTOS = YES_AGGRESSIVE;
				GCC_WARN_UNUSED_FUNCTION = YES;
				GCC_WARN_UNUSED_VARIABLE = YES;
				IPHONEOS_DEPLOYMENT_TARGET = 26.2;
				LOCALIZATION_PREFERS_STRING_CATALOGS = YES;
				MTL_ENABLE_DEBUG_INFO = INCLUDE_SOURCE;
				MTL_FAST_MATH = YES;
				ONLY_ACTIVE_ARCH = YES;
				SDKROOT = iphoneos;
				SWIFT_ACTIVE_COMPILATION_CONDITIONS = "DEBUG $(inherited)";
				SWIFT_OPTIMIZATION_LEVEL = "-Onone";
			};
			name = Debug;
		};
		1D590E332F611FB900E430E0 /* Release */ = {
			isa = XCBuildConfiguration;
			buildSettings = {
				ALWAYS_SEARCH_USER_PATHS = NO;
				ASSETCATALOG_COMPILER_GENERATE_SWIFT_ASSET_SYMBOL_EXTENSIONS = YES;
				CLANG_ANALYZER_NONNULL = YES;
				CLANG_ANALYZER_NUMBER_OBJECT_CONVERSION = YES_AGGRESSIVE;
				CLANG_CXX_LANGUAGE_STANDARD = "gnu++20";
				CLANG_ENABLE_MODULES = YES;
				CLANG_ENABLE_OBJC_ARC = YES;
				CLANG_ENABLE_OBJC_WEAK = YES;
				CLANG_WARN_BLOCK_CAPTURE_AUTORELEASING = YES;
				CLANG_WARN_BOOL_CONVERSION = YES;
				CLANG_WARN_COMMA = YES;
				CLANG_WARN_CONSTANT_CONVERSION = YES;
				CLANG_WARN_DEPRECATED_OBJC_IMPLEMENTATIONS = YES;
				CLANG_WARN_DIRECT_OBJC_ISA_USAGE = YES_ERROR;
				CLANG_WARN_DOCUMENTATION_COMMENTS = YES;
				CLANG_WARN_EMPTY_BODY = YES;
				CLANG_WARN_ENUM_CONVERSION = YES;
				CLANG_WARN_INFINITE_RECURSION = YES;
				CLANG_WARN_INT_CONVERSION = YES;
				CLANG_WARN_NON_LITERAL_NULL_CONVERSION = YES;
				CLANG_WARN_OBJC_IMPLICIT_RETAIN_SELF = YES;
				CLANG_WARN_OBJC_LITERAL_CONVERSION = YES;
				CLANG_WARN_OBJC_ROOT_CLASS = YES_ERROR;
				CLANG_WARN_QUOTED_INCLUDE_IN_FRAMEWORK_HEADER = YES;
				CLANG_WARN_RANGE_LOOP_ANALYSIS = YES;
				CLANG_WARN_STRICT_PROTOTYPES = YES;
				CLANG_WARN_SUSPICIOUS_MOVE = YES;
				CLANG_WARN_UNGUARDED_AVAILABILITY = YES_AGGRESSIVE;
				CLANG_WARN_UNREACHABLE_CODE = YES;
				CLANG_WARN__DUPLICATE_METHOD_MATCH = YES;
				COPY_PHASE_STRIP = NO;
				DEBUG_INFORMATION_FORMAT = "dwarf-with-dsym";
				DEVELOPMENT_TEAM = JH6L6AXE42;
				ENABLE_NS_ASSERTIONS = NO;
				ENABLE_STRICT_OBJC_MSGSEND = YES;
				ENABLE_USER_SCRIPT_SANDBOXING = YES;
				GCC_C_LANGUAGE_STANDARD = gnu17;
				GCC_NO_COMMON_BLOCKS = YES;
				GCC_WARN_64_TO_32_BIT_CONVERSION = YES;
				GCC_WARN_ABOUT_RETURN_TYPE = YES_ERROR;
				GCC_WARN_UNDECLARED_SELECTOR = YES;
				GCC_WARN_UNINITIALIZED_AUTOS = YES_AGGRESSIVE;
				GCC_WARN_UNUSED_FUNCTION = YES;
				GCC_WARN_UNUSED_VARIABLE = YES;
				IPHONEOS_DEPLOYMENT_TARGET = 26.2;
				LOCALIZATION_PREFERS_STRING_CATALOGS = YES;
				MTL_ENABLE_DEBUG_INFO = NO;
				MTL_FAST_MATH = YES;
				SDKROOT = iphoneos;
				SWIFT_COMPILATION_MODE = wholemodule;
				VALIDATE_PRODUCT = YES;
			};
			name = Release;
		};
		1D590E352F611FB900E430E0 /* Debug */ = {
			isa = XCBuildConfiguration;
			buildSettings = {
				ASSETCATALOG_COMPILER_APPICON_NAME = AppIcon;
				ASSETCATALOG_COMPILER_GLOBAL_ACCENT_COLOR_NAME = AccentColor;
				CODE_SIGN_STYLE = Automatic;
				CURRENT_PROJECT_VERSION = 1;
				DEVELOPMENT_TEAM = JH6L6AXE42;
				ENABLE_PREVIEWS = YES;
				GENERATE_INFOPLIST_FILE = YES;
				INFOPLIST_FILE = ESP32BLE/Info.plist;
				INFOPLIST_KEY_LSApplicationCategoryType = "public.app-category.utilities";
				INFOPLIST_KEY_LSSupportsOpeningDocumentsInPlace = YES;
				INFOPLIST_KEY_NSBluetoothAlwaysUsageDescription = "This app uses BT to connect to ESP32";
				INFOPLIST_KEY_NSMicrophoneUsageDescription = "This app listens for spoken commands so it can trigger matching ESP32 actions.";
				INFOPLIST_KEY_NSSpeechRecognitionUsageDescription = "This app recognizes spoken phrases and matches them to ESP32 button text.";
				INFOPLIST_KEY_UIApplicationSceneManifest_Generation = YES;
				INFOPLIST_KEY_UIApplicationSupportsIndirectInputEvents = YES;
				INFOPLIST_KEY_UIFileSharingEnabled = YES;
				INFOPLIST_KEY_UILaunchScreen_Generation = YES;
				INFOPLIST_KEY_UISupportedInterfaceOrientations = "UIInterfaceOrientationLandscapeLeft UIInterfaceOrientationLandscapeRight";
				IPHONEOS_DEPLOYMENT_TARGET = 17.6;
				LD_RUNPATH_SEARCH_PATHS = (
					"$(inherited)",
					"@executable_path/Frameworks",
				);
				MARKETING_VERSION = 1.0;
				PRODUCT_BUNDLE_IDENTIFIER = com.mindtn.ESP32BLE;
				PRODUCT_NAME = "$(TARGET_NAME)";
				STRING_CATALOG_GENERATE_SYMBOLS = YES;
				SWIFT_APPROACHABLE_CONCURRENCY = YES;
				SWIFT_DEFAULT_ACTOR_ISOLATION = MainActor;
				SWIFT_EMIT_LOC_STRINGS = YES;
				SWIFT_UPCOMING_FEATURE_MEMBER_IMPORT_VISIBILITY = YES;
				SWIFT_VERSION = 5.0;
				TARGETED_DEVICE_FAMILY = "1,2";
			};
			name = Debug;
		};
		1D590E362F611FB900E430E0 /* Release */ = {
			isa = XCBuildConfiguration;
			buildSettings = {
				ASSETCATALOG_COMPILER_APPICON_NAME = AppIcon;
				ASSETCATALOG_COMPILER_GLOBAL_ACCENT_COLOR_NAME = AccentColor;
				CODE_SIGN_STYLE = Automatic;
				CURRENT_PROJECT_VERSION = 1;
				DEVELOPMENT_TEAM = JH6L6AXE42;
				ENABLE_PREVIEWS = YES;
				GENERATE_INFOPLIST_FILE = YES;
				INFOPLIST_FILE = ESP32BLE/Info.plist;
				INFOPLIST_KEY_LSApplicationCategoryType = "public.app-category.utilities";
				INFOPLIST_KEY_LSSupportsOpeningDocumentsInPlace = YES;
				INFOPLIST_KEY_NSBluetoothAlwaysUsageDescription = "This app uses BT to connect to ESP32";
				INFOPLIST_KEY_NSMicrophoneUsageDescription = "This app listens for spoken commands so it can trigger matching ESP32 actions.";
				INFOPLIST_KEY_NSSpeechRecognitionUsageDescription = "This app recognizes spoken phrases and matches them to ESP32 button text.";
				INFOPLIST_KEY_UIApplicationSceneManifest_Generation = YES;
				INFOPLIST_KEY_UIApplicationSupportsIndirectInputEvents = YES;
				INFOPLIST_KEY_UIFileSharingEnabled = YES;
				INFOPLIST_KEY_UILaunchScreen_Generation = YES;
				INFOPLIST_KEY_UISupportedInterfaceOrientations = "UIInterfaceOrientationLandscapeLeft UIInterfaceOrientationLandscapeRight";
				IPHONEOS_DEPLOYMENT_TARGET = 17.6;
				LD_RUNPATH_SEARCH_PATHS = (
					"$(inherited)",
					"@executable_path/Frameworks",
				);
				MARKETING_VERSION = 1.0;
				PRODUCT_BUNDLE_IDENTIFIER = com.mindtn.ESP32BLE;
				PRODUCT_NAME = "$(TARGET_NAME)";
				STRING_CATALOG_GENERATE_SYMBOLS = YES;
				SWIFT_APPROACHABLE_CONCURRENCY = YES;
				SWIFT_DEFAULT_ACTOR_ISOLATION = MainActor;
				SWIFT_EMIT_LOC_STRINGS = YES;
				SWIFT_UPCOMING_FEATURE_MEMBER_IMPORT_VISIBILITY = YES;
				SWIFT_VERSION = 5.0;
				TARGETED_DEVICE_FAMILY = "1,2";
			};
			name = Release;
		};
/* End XCBuildConfiguration section */

/* Begin XCConfigurationList section */
		1D590E242F611FB700E430E0 /* Build configuration list for PBXProject "ESP32BLE" */ = {
			isa = XCConfigurationList;
			buildConfigurations = (
				1D590E322F611FB900E430E0 /* Debug */,
				1D590E332F611FB900E430E0 /* Release */,
			);
			defaultConfigurationIsVisible = 0;
			defaultConfigurationName = Release;
		};
		1D590E342F611FB900E430E0 /* Build configuration list for PBXNativeTarget "ESP32BLE" */ = {
			isa = XCConfigurationList;
			buildConfigurations = (
				1D590E352F611FB900E430E0 /* Debug */,
				1D590E362F611FB900E430E0 /* Release */,
			);
			defaultConfigurationIsVisible = 0;
			defaultConfigurationName = Release;
		};
/* End XCConfigurationList section */
	};
	rootObject = 1D590E212F611FB700E430E0 /* Project object */;
}
